
Microsoft Visual Studio Solution File, Format Version 12.00
# Visual Studio Version 16
VisualStudioVersion = 16.0.33927.289
MinimumVisualStudioVersion = 10.0.40219.1
Project("{9A19103F-16F7-4668-BE54-9A1E7A4F7556}") = "NewSysacadTP", "NewSysacadTP.csproj", "{A39146A4-E58D-439F-AD34-82A7AF5574D8}"
EndProject
Project("{9A19103F-16F7-4668-BE54-9A1E7A4F7556}") = "BibliotecaClasesTP", "..\BibliotecaClasesTP\BibliotecaClasesTP.csproj", "{7CC33EFA-9234-4E29-AAE9-ADDC734B1FE4}"
EndProject
Project("{FAE04EC0-301F-11D3-BF4B-00C04F79EFBC}") = "FormsSysacadApp", "..\FormsSysacadApp\FormsSysacadApp.csproj", "{B4321DFC-5380-45A5-8C6E-BA5EEA10681E}"
EndProject
Global
	GlobalSection(SolutionConfigurationPlatforms) = preSolution
		Debug|Any CPU = Debug|Any CPU
		Release|Any CPU = Release|Any CPU
	EndGlobalSection
	GlobalSection(ProjectConfigurationPlatforms) = postSolution
		{A39146A4-E58D-439F-AD34-82A7AF5574D8}.Debug|Any CPU.ActiveCfg = Debug|Any CPU
		{A39146A4-E58D-439F-AD34-82A7AF5574D8}.Debug|Any CPU.Build.0 = Debug|Any CPU
		{A39146A4-E58D-439F-AD34-82A7AF5574D8}.Release|Any CPU.ActiveCfg = Release|Any CPU
		{A39146A4-E58D-439F-AD34-82A7AF5574D8}.Release|Any CPU.Build.0 = Release|Any CPU
		{7CC33EFA-9234-4E29-AAE9-ADDC734B1FE4}.Debug|Any CPU.ActiveCfg = Debug|Any CPU
		{7CC33EFA-9234-4E29-AAE9-ADDC734B1FE4}.Debug|Any CPU.Build.0 = Debug|Any CPU
		{7CC33EFA-9234-4E29-AAE9-ADDC734B1FE4}.Release|Any CPU.ActiveCfg = Release|Any CPU
		{7CC33EFA-9234-4E29-AAE9-ADDC734B1FE4}.Release|Any CPU.Build.0 = Release|Any CPU
		{B4321DFC-5380-45A5-8C6E-BA5EEA10681E}.Debug|Any CPU.ActiveCfg = Debug|Any CPU
		{B4321DFC-5380-45A5-8C6E-BA5EEA10681E}.Debug|Any CPU.Build.0 = Debug|Any CPU
		{B4321DFC-5380-45A5-8C6E-BA5EEA10681E}.Release|Any CPU.ActiveCfg = Release|Any CPU
		{B4321DFC-5380-45A5-8C6E-BA5EEA10681E}.Release|Any CPU.Build.0 = Release|Any CPU
	EndGlobalSection
	GlobalSection(SolutionProperties) = preSolution
		HideSolutionNode = FALSE
	EndGlobalSection
	GlobalSection(ExtensibilityGlobals) = postSolution
		SolutionGuid = {B929A282-F076-4E09-96E4-256264E4A724}
	EndGlobalSection
EndGlobal
